
Microsoft Visual Studio Solution File, Format Version 12.00
# Visual Studio Version 16
VisualStudioVersion = 16.0.31624.102
MinimumVisualStudioVersion = 10.0.40219.1
Project("{9A19103F-16F7-4668-BE54-9A1E7A4F7556}") = "Token.WebApi", "Token\Token.WebApi.csproj", "{D31968EC-4F21-401E-8A36-54B16AECB3FD}"
EndProject
Global
	GlobalSection(SolutionConfigurationPlatforms) = preSolution
		Debug|Any CPU = Debug|Any CPU
		Release|Any CPU = Release|Any CPU
	EndGlobalSection
	GlobalSection(ProjectConfigurationPlatforms) = postSolution
		{D31968EC-4F21-401E-8A36-54B16AECB3FD}.Debug|Any CPU.ActiveCfg = Debug|Any CPU
		{D31968EC-4F21-401E-8A36-54B16AECB3FD}.Debug|Any CPU.Build.0 = Debug|Any CPU
		{D31968EC-4F21-401E-8A36-54B16AECB3FD}.Release|Any CPU.ActiveCfg = Release|Any CPU
		{D31968EC-4F21-401E-8A36-54B16AECB3FD}.Release|Any CPU.Build.0 = Release|Any CPU
	EndGlobalSection
	GlobalSection(SolutionProperties) = preSolution
		HideSolutionNode = FALSE
	EndGlobalSection
	GlobalSection(ExtensibilityGlobals) = postSolution
		SolutionGuid = {86DBD606-81BC-4A26-A46B-024737BEF44E}
	EndGlobalSection
EndGlobal
